
Microsoft Visual Studio Solution File, Format Version 12.00
# Visual Studio Version 16
VisualStudioVersion = 16.0.30413.136
MinimumVisualStudioVersion = 10.0.40219.1
Project("{FAE04EC0-301F-11D3-BF4B-00C04F79EFBC}") = "Problem_1", "Problem_1\Problem_1.csproj", "{28D76232-BE40-4790-A15F-3D64D9D820D1}"
EndProject
Project("{FAE04EC0-301F-11D3-BF4B-00C04F79EFBC}") = "Problem_2", "Problem_2\Problem_2.csproj", "{2A68E95A-4399-48B9-B772-EBB01CFAF5E6}"
EndProject
Project("{FAE04EC0-301F-11D3-BF4B-00C04F79EFBC}") = "Problem_3", "Problem_3\Problem_3.csproj", "{7F5DB62D-EA92-483E-8C23-AEBBA7ED97FB}"
EndProject
Project("{FAE04EC0-301F-11D3-BF4B-00C04F79EFBC}") = "Problem-4", "Problem-4\Problem-4.csproj", "{EDEC8BC1-3403-4C87-8B87-50E24B0A91C1}"
EndProject
Project("{FAE04EC0-301F-11D3-BF4B-00C04F79EFBC}") = "Problem-5", "Problem-5\Problem-5.csproj", "{87E446AB-D300-47A2-AB19-E72763BD6A13}"
EndProject
Project("{FAE04EC0-301F-11D3-BF4B-00C04F79EFBC}") = "Problem-6", "Problem-6\Problem-6.csproj", "{CD9064A0-6433-44D3-8198-CFEEB1526149}"
EndProject
Project("{FAE04EC0-301F-11D3-BF4B-00C04F79EFBC}") = "Problem-7", "Problem-7\Problem-7.csproj", "{47CD09C9-4BBC-4BC8-A871-58176846748E}"
EndProject
Project("{FAE04EC0-301F-11D3-BF4B-00C04F79EFBC}") = "Problem-8", "Problem-8\Problem-8.csproj", "{DCDA88B5-F040-48D8-88F5-6C462610DDAB}"
EndProject
Project("{FAE04EC0-301F-11D3-BF4B-00C04F79EFBC}") = "Problem-9", "Problem-9\Problem-9.csproj", "{DBB99399-96F8-4376-BAC1-1CC703A59238}"
EndProject
Project("{FAE04EC0-301F-11D3-BF4B-00C04F79EFBC}") = "Problem-10", "Problem-10\Problem-10.csproj", "{A8E78822-0DE6-44D3-9244-89355A23D6BE}"
EndProject
Project("{FAE04EC0-301F-11D3-BF4B-00C04F79EFBC}") = "Problem-11", "Problem-11\Problem-11.csproj", "{1E623FBA-E3E2-4286-9EAC-7C5C1D5AC5EF}"
EndProject
Project("{FAE04EC0-301F-11D3-BF4B-00C04F79EFBC}") = "Problem-12", "Problem-12\Problem-12.csproj", "{6036278F-F538-4863-ACA0-9195F22A3DB0}"
EndProject
Project("{FAE04EC0-301F-11D3-BF4B-00C04F79EFBC}") = "Problem-13", "Problem-13\Problem-13.csproj", "{02E0AF35-832D-4B7B-9CFB-F2FAD86483C3}"
EndProject
Project("{FAE04EC0-301F-11D3-BF4B-00C04F79EFBC}") = "Problem-14", "Problem-14\Problem-14.csproj", "{F7F3D62A-73D6-43FA-9E4B-7060ECC45923}"
EndProject
Project("{FAE04EC0-301F-11D3-BF4B-00C04F79EFBC}") = "Problem-15", "Problem-15\Problem-15.csproj", "{F88FC6B2-5F10-4FC7-984D-D32493913ABE}"
EndProject
Project("{FAE04EC0-301F-11D3-BF4B-00C04F79EFBC}") = "Problem-16", "Problem-16\Problem-16.csproj", "{EEFB741C-D0ED-4417-A5B1-8983AB139CD2}"
EndProject
Project("{FAE04EC0-301F-11D3-BF4B-00C04F79EFBC}") = "Problem-17", "Problem-17\Problem-17.csproj", "{B4AB2B64-1A1C-41CC-9E68-F822AA5C988D}"
EndProject
Project("{FAE04EC0-301F-11D3-BF4B-00C04F79EFBC}") = "Problem-18", "Problem-18\Problem-18.csproj", "{02E2D45D-BF8E-4157-8640-ED346209C35A}"
EndProject
Project("{FAE04EC0-301F-11D3-BF4B-00C04F79EFBC}") = "Problem-19", "Problem-19\Problem-19.csproj", "{EA949641-ED56-44D7-B0EF-531B8B2869B0}"
EndProject
Project("{FAE04EC0-301F-11D3-BF4B-00C04F79EFBC}") = "Problem-20", "Problem-20\Problem-20.csproj", "{EE3AB655-1685-4E30-AEAF-A4FD3BBF8F1A}"
EndProject
Global
	GlobalSection(SolutionConfigurationPlatforms) = preSolution
		Debug|Any CPU = Debug|Any CPU
		Release|Any CPU = Release|Any CPU
	EndGlobalSection
	GlobalSection(ProjectConfigurationPlatforms) = postSolution
		{28D76232-BE40-4790-A15F-3D64D9D820D1}.Debug|Any CPU.ActiveCfg = Debug|Any CPU
		{28D76232-BE40-4790-A15F-3D64D9D820D1}.Debug|Any CPU.Build.0 = Debug|Any CPU
		{28D76232-BE40-4790-A15F-3D64D9D820D1}.Release|Any CPU.ActiveCfg = Release|Any CPU
		{28D76232-BE40-4790-A15F-3D64D9D820D1}.Release|Any CPU.Build.0 = Release|Any CPU
		{2A68E95A-4399-48B9-B772-EBB01CFAF5E6}.Debug|Any CPU.ActiveCfg = Debug|Any CPU
		{2A68E95A-4399-48B9-B772-EBB01CFAF5E6}.Debug|Any CPU.Build.0 = Debug|Any CPU
		{2A68E95A-4399-48B9-B772-EBB01CFAF5E6}.Release|Any CPU.ActiveCfg = Release|Any CPU
		{2A68E95A-4399-48B9-B772-EBB01CFAF5E6}.Release|Any CPU.Build.0 = Release|Any CPU
		{7F5DB62D-EA92-483E-8C23-AEBBA7ED97FB}.Debug|Any CPU.ActiveCfg = Debug|Any CPU
		{7F5DB62D-EA92-483E-8C23-AEBBA7ED97FB}.Debug|Any CPU.Build.0 = Debug|Any CPU
		{7F5DB62D-EA92-483E-8C23-AEBBA7ED97FB}.Release|Any CPU.ActiveCfg = Release|Any CPU
		{7F5DB62D-EA92-483E-8C23-AEBBA7ED97FB}.Release|Any CPU.Build.0 = Release|Any CPU
		{EDEC8BC1-3403-4C87-8B87-50E24B0A91C1}.Debug|Any CPU.ActiveCfg = Debug|Any CPU
		{EDEC8BC1-3403-4C87-8B87-50E24B0A91C1}.Debug|Any CPU.Build.0 = Debug|Any CPU
		{EDEC8BC1-3403-4C87-8B87-50E24B0A91C1}.Release|Any CPU.ActiveCfg = Release|Any CPU
		{EDEC8BC1-3403-4C87-8B87-50E24B0A91C1}.Release|Any CPU.Build.0 = Release|Any CPU
		{87E446AB-D300-47A2-AB19-E72763BD6A13}.Debug|Any CPU.ActiveCfg = Debug|Any CPU
		{87E446AB-D300-47A2-AB19-E72763BD6A13}.Debug|Any CPU.Build.0 = Debug|Any CPU
		{87E446AB-D300-47A2-AB19-E72763BD6A13}.Release|Any CPU.ActiveCfg = Release|Any CPU
		{87E446AB-D300-47A2-AB19-E72763BD6A13}.Release|Any CPU.Build.0 = Release|Any CPU
		{CD9064A0-6433-44D3-8198-CFEEB1526149}.Debug|Any CPU.ActiveCfg = Debug|Any CPU
		{CD9064A0-6433-44D3-8198-CFEEB1526149}.Debug|Any CPU.Build.0 = Debug|Any CPU
		{CD9064A0-6433-44D3-8198-CFEEB1526149}.Release|Any CPU.ActiveCfg = Release|Any CPU
		{CD9064A0-6433-44D3-8198-CFEEB1526149}.Release|Any CPU.Build.0 = Release|Any CPU
		{47CD09C9-4BBC-4BC8-A871-58176846748E}.Debug|Any CPU.ActiveCfg = Debug|Any CPU
		{47CD09C9-4BBC-4BC8-A871-58176846748E}.Debug|Any CPU.Build.0 = Debug|Any CPU
		{47CD09C9-4BBC-4BC8-A871-58176846748E}.Release|Any CPU.ActiveCfg = Release|Any CPU
		{47CD09C9-4BBC-4BC8-A871-58176846748E}.Release|Any CPU.Build.0 = Release|Any CPU
		{DCDA88B5-F040-48D8-88F5-6C462610DDAB}.Debug|Any CPU.ActiveCfg = Debug|Any CPU
		{DCDA88B5-F040-48D8-88F5-6C462610DDAB}.Debug|Any CPU.Build.0 = Debug|Any CPU
		{DCDA88B5-F040-48D8-88F5-6C462610DDAB}.Release|Any CPU.ActiveCfg = Release|Any CPU
		{DCDA88B5-F040-48D8-88F5-6C462610DDAB}.Release|Any CPU.Build.0 = Release|Any CPU
		{DBB99399-96F8-4376-BAC1-1CC703A59238}.Debug|Any CPU.ActiveCfg = Debug|Any CPU
		{DBB99399-96F8-4376-BAC1-1CC703A59238}.Debug|Any CPU.Build.0 = Debug|Any CPU
		{DBB99399-96F8-4376-BAC1-1CC703A59238}.Release|Any CPU.ActiveCfg = Release|Any CPU
		{DBB99399-96F8-4376-BAC1-1CC703A59238}.Release|Any CPU.Build.0 = Release|Any CPU
		{A8E78822-0DE6-44D3-9244-89355A23D6BE}.Debug|Any CPU.ActiveCfg = Debug|Any CPU
		{A8E78822-0DE6-44D3-9244-89355A23D6BE}.Debug|Any CPU.Build.0 = Debug|Any CPU
		{A8E78822-0DE6-44D3-9244-89355A23D6BE}.Release|Any CPU.ActiveCfg = Release|Any CPU
		{A8E78822-0DE6-44D3-9244-89355A23D6BE}.Release|Any CPU.Build.0 = Release|Any CPU
		{1E623FBA-E3E2-4286-9EAC-7C5C1D5AC5EF}.Debug|Any CPU.ActiveCfg = Debug|Any CPU
		{1E623FBA-E3E2-4286-9EAC-7C5C1D5AC5EF}.Debug|Any CPU.Build.0 = Debug|Any CPU
		{1E623FBA-E3E2-4286-9EAC-7C5C1D5AC5EF}.Release|Any CPU.ActiveCfg = Release|Any CPU
		{1E623FBA-E3E2-4286-9EAC-7C5C1D5AC5EF}.Release|Any CPU.Build.0 = Release|Any CPU
		{6036278F-F538-4863-ACA0-9195F22A3DB0}.Debug|Any CPU.ActiveCfg = Debug|Any CPU
		{6036278F-F538-4863-ACA0-9195F22A3DB0}.Debug|Any CPU.Build.0 = Debug|Any CPU
		{6036278F-F538-4863-ACA0-9195F22A3DB0}.Release|Any CPU.ActiveCfg = Release|Any CPU
		{6036278F-F538-4863-ACA0-9195F22A3DB0}.Release|Any CPU.Build.0 = Release|Any CPU
		{02E0AF35-832D-4B7B-9CFB-F2FAD86483C3}.Debug|Any CPU.ActiveCfg = Debug|Any CPU
		{02E0AF35-832D-4B7B-9CFB-F2FAD86483C3}.Debug|Any CPU.Build.0 = Debug|Any CPU
		{02E0AF35-832D-4B7B-9CFB-F2FAD86483C3}.Release|Any CPU.ActiveCfg = Release|Any CPU
		{02E0AF35-832D-4B7B-9CFB-F2FAD86483C3}.Release|Any CPU.Build.0 = Release|Any CPU
		{F7F3D62A-73D6-43FA-9E4B-7060ECC45923}.Debug|Any CPU.ActiveCfg = Debug|Any CPU
		{F7F3D62A-73D6-43FA-9E4B-7060ECC45923}.Debug|Any CPU.Build.0 = Debug|Any CPU
		{F7F3D62A-73D6-43FA-9E4B-7060ECC45923}.Release|Any CPU.ActiveCfg = Release|Any CPU
		{F7F3D62A-73D6-43FA-9E4B-7060ECC45923}.Release|Any CPU.Build.0 = Release|Any CPU
		{F88FC6B2-5F10-4FC7-984D-D32493913ABE}.Debug|Any CPU.ActiveCfg = Debug|Any CPU
		{F88FC6B2-5F10-4FC7-984D-D32493913ABE}.Debug|Any CPU.Build.0 = Debug|Any CPU
		{F88FC6B2-5F10-4FC7-984D-D32493913ABE}.Release|Any CPU.ActiveCfg = Release|Any CPU
		{F88FC6B2-5F10-4FC7-984D-D32493913ABE}.Release|Any CPU.Build.0 = Release|Any CPU
		{EEFB741C-D0ED-4417-A5B1-8983AB139CD2}.Debug|Any CPU.ActiveCfg = Debug|Any CPU
		{EEFB741C-D0ED-4417-A5B1-8983AB139CD2}.Debug|Any CPU.Build.0 = Debug|Any CPU
		{EEFB741C-D0ED-4417-A5B1-8983AB139CD2}.Release|Any CPU.ActiveCfg = Release|Any CPU
		{EEFB741C-D0ED-4417-A5B1-8983AB139CD2}.Release|Any CPU.Build.0 = Release|Any CPU
		{B4AB2B64-1A1C-41CC-9E68-F822AA5C988D}.Debug|Any CPU.ActiveCfg = Debug|Any CPU
		{B4AB2B64-1A1C-41CC-9E68-F822AA5C988D}.Debug|Any CPU.Build.0 = Debug|Any CPU
		{B4AB2B64-1A1C-41CC-9E68-F822AA5C988D}.Release|Any CPU.ActiveCfg = Release|Any CPU
		{B4AB2B64-1A1C-41CC-9E68-F822AA5C988D}.Release|Any CPU.Build.0 = Release|Any CPU
		{02E2D45D-BF8E-4157-8640-ED346209C35A}.Debug|Any CPU.ActiveCfg = Debug|Any CPU
		{02E2D45D-BF8E-4157-8640-ED346209C35A}.Debug|Any CPU.Build.0 = Debug|Any CPU
		{02E2D45D-BF8E-4157-8640-ED346209C35A}.Release|Any CPU.ActiveCfg = Release|Any CPU
		{02E2D45D-BF8E-4157-8640-ED346209C35A}.Release|Any CPU.Build.0 = Release|Any CPU
		{EA949641-ED56-44D7-B0EF-531B8B2869B0}.Debug|Any CPU.ActiveCfg = Debug|Any CPU
		{EA949641-ED56-44D7-B0EF-531B8B2869B0}.Debug|Any CPU.Build.0 = Debug|Any CPU
		{EA949641-ED56-44D7-B0EF-531B8B2869B0}.Release|Any CPU.ActiveCfg = Release|Any CPU
		{EA949641-ED56-44D7-B0EF-531B8B2869B0}.Release|Any CPU.Build.0 = Release|Any CPU
		{EE3AB655-1685-4E30-AEAF-A4FD3BBF8F1A}.Debug|Any CPU.ActiveCfg = Debug|Any CPU
		{EE3AB655-1685-4E30-AEAF-A4FD3BBF8F1A}.Debug|Any CPU.Build.0 = Debug|Any CPU
		{EE3AB655-1685-4E30-AEAF-A4FD3BBF8F1A}.Release|Any CPU.ActiveCfg = Release|Any CPU
		{EE3AB655-1685-4E30-AEAF-A4FD3BBF8F1A}.Release|Any CPU.Build.0 = Release|Any CPU
	EndGlobalSection
	GlobalSection(SolutionProperties) = preSolution
		HideSolutionNode = FALSE
	EndGlobalSection
	GlobalSection(ExtensibilityGlobals) = postSolution
		SolutionGuid = {0C272423-1DC2-4105-8D77-75BEC39C738A}
	EndGlobalSection
EndGlobal
